// !$*UTF8*$!
{
	archiveVersion = 1;
	classes = {
	};
	objectVersion = 56;
	objects = {

/* Begin PBXBuildFile section */
		CA2F73922CB6D1CE00EB81AC /* MemoryGame.swift in Sources */ = {isa = PBXBuildFile; fileRef = CA2F73912CB6D1CE00EB81AC /* MemoryGame.swift */; };
		CA2F73942CB6D3C600EB81AC /* EmojiMemoryGame.swift in Sources */ = {isa = PBXBuildFile; fileRef = CA2F73932CB6D3C600EB81AC /* EmojiMemoryGame.swift */; };
		CA6DBFE12CCAC6C800CBF69D /* CardView.swift in Sources */ = {isa = PBXBuildFile; fileRef = CA6DBFE02CCAC6C800CBF69D /* CardView.swift */; };
		CA6DBFE32CCB1BF000CBF69D /* Pie.swift in Sources */ = {isa = PBXBuildFile; fileRef = CA6DBFE22CCB1BF000CBF69D /* Pie.swift */; };
		CA6DBFE82CCB32C000CBF69D /* Cardify.swift in Sources */ = {isa = PBXBuildFile; fileRef = CA6DBFE72CCB32C000CBF69D /* Cardify.swift */; };
		CA7F49222D6E8A2500AD49FD /* ThemeListView.swift in Sources */ = {isa = PBXBuildFile; fileRef = CA7F49212D6E8A2500AD49FD /* ThemeListView.swift */; };
		CA7F49242D6E8D1B00AD49FD /* Theme.swift in Sources */ = {isa = PBXBuildFile; fileRef = CA7F49232D6E8D1B00AD49FD /* Theme.swift */; };
		CA7F49262D6EAF5500AD49FD /* ThemeStore.swift in Sources */ = {isa = PBXBuildFile; fileRef = CA7F49252D6EAF5500AD49FD /* ThemeStore.swift */; };
		CA7F49292D6EB92400AD49FD /* Color+Extension.swift in Sources */ = {isa = PBXBuildFile; fileRef = CA7F49282D6EB92400AD49FD /* Color+Extension.swift */; };
		CA8FF0C82CB4C48200B96F99 /* MemorizeApp.swift in Sources */ = {isa = PBXBuildFile; fileRef = CA8FF0C72CB4C48200B96F99 /* MemorizeApp.swift */; };
		CA8FF0CA2CB4C48200B96F99 /* EmojiMemoryGameView.swift in Sources */ = {isa = PBXBuildFile; fileRef = CA8FF0C92CB4C48200B96F99 /* EmojiMemoryGameView.swift */; };
		CA8FF0CC2CB4C48500B96F99 /* Assets.xcassets in Resources */ = {isa = PBXBuildFile; fileRef = CA8FF0CB2CB4C48500B96F99 /* Assets.xcassets */; };
		CA8FF0CF2CB4C48500B96F99 /* Preview Assets.xcassets in Resources */ = {isa = PBXBuildFile; fileRef = CA8FF0CE2CB4C48500B96F99 /* Preview Assets.xcassets */; };
		CAACDDF42D3F50AF000D68C5 /* FlyingNumber.swift in Sources */ = {isa = PBXBuildFile; fileRef = CAACDDF32D3F50AF000D68C5 /* FlyingNumber.swift */; };
		CAB808812CC05ACC007B44F8 /* EmojiMemoryGameTheme.swift in Sources */ = {isa = PBXBuildFile; fileRef = CAB808802CC05ACC007B44F8 /* EmojiMemoryGameTheme.swift */; };
		CAF06D8D2CC817020002C27A /* AspectVGrid.swift in Sources */ = {isa = PBXBuildFile; fileRef = CAF06D8C2CC817020002C27A /* AspectVGrid.swift */; };
/* End PBXBuildFile section */

/* Begin PBXFileReference section */
		CA2F73912CB6D1CE00EB81AC /* MemoryGame.swift */ = {isa = PBXFileReference; lastKnownFileType = sourcecode.swift; path = MemoryGame.swift; sourceTree = "<group>"; };
		CA2F73932CB6D3C600EB81AC /* EmojiMemoryGame.swift */ = {isa = PBXFileReference; lastKnownFileType = sourcecode.swift; path = EmojiMemoryGame.swift; sourceTree = "<group>"; };
		CA6DBFE02CCAC6C800CBF69D /* CardView.swift */ = {isa = PBXFileReference; lastKnownFileType = sourcecode.swift; path = CardView.swift; sourceTree = "<group>"; };
		CA6DBFE22CCB1BF000CBF69D /* Pie.swift */ = {isa = PBXFileReference; lastKnownFileType = sourcecode.swift; path = Pie.swift; sourceTree = "<group>"; };
		CA6DBFE72CCB32C000CBF69D /* Cardify.swift */ = {isa = PBXFileReference; lastKnownFileType = sourcecode.swift; path = Cardify.swift; sourceTree = "<group>"; };
		CA7F49212D6E8A2500AD49FD /* ThemeListView.swift */ = {isa = PBXFileReference; lastKnownFileType = sourcecode.swift; path = ThemeListView.swift; sourceTree = "<group>"; };
		CA7F49232D6E8D1B00AD49FD /* Theme.swift */ = {isa = PBXFileReference; lastKnownFileType = sourcecode.swift; path = Theme.swift; sourceTree = "<group>"; };
		CA7F49252D6EAF5500AD49FD /* ThemeStore.swift */ = {isa = PBXFileReference; lastKnownFileType = sourcecode.swift; path = ThemeStore.swift; sourceTree = "<group>"; };
		CA7F49282D6EB92400AD49FD /* Color+Extension.swift */ = {isa = PBXFileReference; lastKnownFileType = sourcecode.swift; path = "Color+Extension.swift"; sourceTree = "<group>"; };
		CA8FF0C42CB4C48200B96F99 /* Memorize.app */ = {isa = PBXFileReference; explicitFileType = wrapper.application; includeInIndex = 0; path = Memorize.app; sourceTree = BUILT_PRODUCTS_DIR; };
		CA8FF0C72CB4C48200B96F99 /* MemorizeApp.swift */ = {isa = PBXFileReference; lastKnownFileType = sourcecode.swift; path = MemorizeApp.swift; sourceTree = "<group>"; };
		CA8FF0C92CB4C48200B96F99 /* EmojiMemoryGameView.swift */ = {isa = PBXFileReference; lastKnownFileType = sourcecode.swift; path = EmojiMemoryGameView.swift; sourceTree = "<group>"; };
		CA8FF0CB2CB4C48500B96F99 /* Assets.xcassets */ = {isa = PBXFileReference; lastKnownFileType = folder.assetcatalog; path = Assets.xcassets; sourceTree = "<group>"; };
		CA8FF0CE2CB4C48500B96F99 /* Preview Assets.xcassets */ = {isa = PBXFileReference; lastKnownFileType = folder.assetcatalog; path = "Preview Assets.xcassets"; sourceTree = "<group>"; };
		CAACDDF32D3F50AF000D68C5 /* FlyingNumber.swift */ = {isa = PBXFileReference; lastKnownFileType = sourcecode.swift; path = FlyingNumber.swift; sourceTree = "<group>"; };
		CAB808802CC05ACC007B44F8 /* EmojiMemoryGameTheme.swift */ = {isa = PBXFileReference; lastKnownFileType = sourcecode.swift; path = EmojiMemoryGameTheme.swift; sourceTree = "<group>"; };
		CAF06D8C2CC817020002C27A /* AspectVGrid.swift */ = {isa = PBXFileReference; lastKnownFileType = sourcecode.swift; path = AspectVGrid.swift; sourceTree = "<group>"; };
/* End PBXFileReference section */

/* Begin PBXFrameworksBuildPhase section */
		CA8FF0C12CB4C48200B96F99 /* Frameworks */ = {
			isa = PBXFrameworksBuildPhase;
			buildActionMask = 2147483647;
			files = (
			);
			runOnlyForDeploymentPostprocessing = 0;
		};
/* End PBXFrameworksBuildPhase section */

/* Begin PBXGroup section */
		CA6DBFE42CCB1C0A00CBF69D /* View */ = {
			isa = PBXGroup;
			children = (
				CA8FF0C92CB4C48200B96F99 /* EmojiMemoryGameView.swift */,
				CAF06D8C2CC817020002C27A /* AspectVGrid.swift */,
				CA6DBFE02CCAC6C800CBF69D /* CardView.swift */,
				CA6DBFE72CCB32C000CBF69D /* Cardify.swift */,
				CA6DBFE22CCB1BF000CBF69D /* Pie.swift */,
				CAACDDF32D3F50AF000D68C5 /* FlyingNumber.swift */,
			);
			path = View;
			sourceTree = "<group>";
		};
		CA6DBFE52CCB1C2600CBF69D /* ViewModel */ = {
			isa = PBXGroup;
			children = (
				CA2F73932CB6D3C600EB81AC /* EmojiMemoryGame.swift */,
			);
			path = ViewModel;
			sourceTree = "<group>";
		};
		CA6DBFE62CCB1C3D00CBF69D /* Model */ = {
			isa = PBXGroup;
			children = (
				CA2F73912CB6D1CE00EB81AC /* MemoryGame.swift */,
				CAB808802CC05ACC007B44F8 /* EmojiMemoryGameTheme.swift */,
			);
			path = Model;
			sourceTree = "<group>";
		};
		CA7F491B2D6E896C00AD49FD /* Game */ = {
			isa = PBXGroup;
			children = (
				CA6DBFE42CCB1C0A00CBF69D /* View */,
				CA6DBFE52CCB1C2600CBF69D /* ViewModel */,
				CA6DBFE62CCB1C3D00CBF69D /* Model */,
			);
			path = Game;
			sourceTree = "<group>";
		};
		CA7F491C2D6E898200AD49FD /* Theme */ = {
			isa = PBXGroup;
			children = (
				CA7F491E2D6E89F000AD49FD /* View */,
				CA7F491F2D6E89F300AD49FD /* ViewModel */,
				CA7F49202D6E89F900AD49FD /* Model */,
			);
			path = Theme;
			sourceTree = "<group>";
		};
		CA7F491D2D6E898D00AD49FD /* UI Modules */ = {
			isa = PBXGroup;
			children = (
				CA7F491B2D6E896C00AD49FD /* Game */,
				CA7F491C2D6E898200AD49FD /* Theme */,
			);
			path = "UI Modules";
			sourceTree = "<group>";
		};
		CA7F491E2D6E89F000AD49FD /* View */ = {
			isa = PBXGroup;
			children = (
				CA7F49212D6E8A2500AD49FD /* ThemeListView.swift */,
			);
			path = View;
			sourceTree = "<group>";
		};
		CA7F491F2D6E89F300AD49FD /* ViewModel */ = {
			isa = PBXGroup;
			children = (
				CA7F49252D6EAF5500AD49FD /* ThemeStore.swift */,
			);
			path = ViewModel;
			sourceTree = "<group>";
		};
		CA7F49202D6E89F900AD49FD /* Model */ = {
			isa = PBXGroup;
			children = (
				CA7F49232D6E8D1B00AD49FD /* Theme.swift */,
			);
			path = Model;
			sourceTree = "<group>";
		};
		CA7F49272D6EB91000AD49FD /* Data Helpers */ = {
			isa = PBXGroup;
			children = (
				CA7F49282D6EB92400AD49FD /* Color+Extension.swift */,
			);
			path = "Data Helpers";
			sourceTree = "<group>";
		};
		CA8FF0BB2CB4C48200B96F99 = {
			isa = PBXGroup;
			children = (
				CA8FF0C62CB4C48200B96F99 /* Memorize */,
				CA8FF0C52CB4C48200B96F99 /* Products */,
			);
			sourceTree = "<group>";
		};
		CA8FF0C52CB4C48200B96F99 /* Products */ = {
			isa = PBXGroup;
			children = (
				CA8FF0C42CB4C48200B96F99 /* Memorize.app */,
			);
			name = Products;
			sourceTree = "<group>";
		};
		CA8FF0C62CB4C48200B96F99 /* Memorize */ = {
			isa = PBXGroup;
			children = (
				CA8FF0C72CB4C48200B96F99 /* MemorizeApp.swift */,
				CA7F491D2D6E898D00AD49FD /* UI Modules */,
				CA7F49272D6EB91000AD49FD /* Data Helpers */,
				CA8FF0CB2CB4C48500B96F99 /* Assets.xcassets */,
				CA8FF0CD2CB4C48500B96F99 /* Preview Content */,
			);
			path = Memorize;
			sourceTree = "<group>";
		};
		CA8FF0CD2CB4C48500B96F99 /* Preview Content */ = {
			isa = PBXGroup;
			children = (
				CA8FF0CE2CB4C48500B96F99 /* Preview Assets.xcassets */,
			);
			path = "Preview Content";
			sourceTree = "<group>";
		};
/* End PBXGroup section */

/* Begin PBXNativeTarget section */
		CA8FF0C32CB4C48200B96F99 /* Memorize */ = {
			isa = PBXNativeTarget;
			buildConfigurationList = CA8FF0D22CB4C48500B96F99 /* Build configuration list for PBXNativeTarget "Memorize" */;
			buildPhases = (
				CA8FF0C02CB4C48200B96F99 /* Sources */,
				CA8FF0C12CB4C48200B96F99 /* Frameworks */,
				CA8FF0C22CB4C48200B96F99 /* Resources */,
			);
			buildRules = (
			);
			dependencies = (
			);
			name = Memorize;
			productName = Memorize;
			productReference = CA8FF0C42CB4C48200B96F99 /* Memorize.app */;
			productType = "com.apple.product-type.application";
		};
/* End PBXNativeTarget section */

/* Begin PBXProject section */
		CA8FF0BC2CB4C48200B96F99 /* Project object */ = {
			isa = PBXProject;
			attributes = {
				BuildIndependentTargetsInParallel = 1;
				LastSwiftUpdateCheck = 1520;
				LastUpgradeCheck = 1520;
				TargetAttributes = {
					CA8FF0C32CB4C48200B96F99 = {
						CreatedOnToolsVersion = 15.2;
					};
				};
			};
			buildConfigurationList = CA8FF0BF2CB4C48200B96F99 /* Build configuration list for PBXProject "Memorize" */;
			compatibilityVersion = "Xcode 14.0";
			developmentRegion = en;
			hasScannedForEncodings = 0;
			knownRegions = (
				en,
				Base,
			);
			mainGroup = CA8FF0BB2CB4C48200B96F99;
			productRefGroup = CA8FF0C52CB4C48200B96F99 /* Products */;
			projectDirPath = "";
			projectRoot = "";
			targets = (
				CA8FF0C32CB4C48200B96F99 /* Memorize */,
			);
		};
/* End PBXProject section */

/* Begin PBXResourcesBuildPhase section */
		CA8FF0C22CB4C48200B96F99 /* Resources */ = {
			isa = PBXResourcesBuildPhase;
			buildActionMask = 2147483647;
			files = (
				CA8FF0CF2CB4C48500B96F99 /* Preview Assets.xcassets in Resources */,
				CA8FF0CC2CB4C48500B96F99 /* Assets.xcassets in Resources */,
			);
			runOnlyForDeploymentPostprocessing = 0;
		};
/* End PBXResourcesBuildPhase section */

/* Begin PBXSourcesBuildPhase section */
		CA8FF0C02CB4C48200B96F99 /* Sources */ = {
			isa = PBXSourcesBuildPhase;
			buildActionMask = 2147483647;
			files = (
				CA7F49222D6E8A2500AD49FD /* ThemeListView.swift in Sources */,
				CA6DBFE12CCAC6C800CBF69D /* CardView.swift in Sources */,
				CA7F49262D6EAF5500AD49FD /* ThemeStore.swift in Sources */,
				CA2F73942CB6D3C600EB81AC /* EmojiMemoryGame.swift in Sources */,
				CA6DBFE32CCB1BF000CBF69D /* Pie.swift in Sources */,
				CA6DBFE82CCB32C000CBF69D /* Cardify.swift in Sources */,
				CA8FF0CA2CB4C48200B96F99 /* EmojiMemoryGameView.swift in Sources */,
				CAF06D8D2CC817020002C27A /* AspectVGrid.swift in Sources */,
				CAB808812CC05ACC007B44F8 /* EmojiMemoryGameTheme.swift in Sources */,
				CA8FF0C82CB4C48200B96F99 /* MemorizeApp.swift in Sources */,
				CA7F49242D6E8D1B00AD49FD /* Theme.swift in Sources */,
				CA2F73922CB6D1CE00EB81AC /* MemoryGame.swift in Sources */,
				CAACDDF42D3F50AF000D68C5 /* FlyingNumber.swift in Sources */,
				CA7F49292D6EB92400AD49FD /* Color+Extension.swift in Sources */,
			);
			runOnlyForDeploymentPostprocessing = 0;
		};
/* End PBXSourcesBuildPhase section */

/* Begin XCBuildConfiguration section */
		CA8FF0D02CB4C48500B96F99 /* Debug */ = {
			isa = XCBuildConfiguration;
			buildSettings = {
				ALWAYS_SEARCH_USER_PATHS = NO;
				ASSETCATALOG_COMPILER_GENERATE_SWIFT_ASSET_SYMBOL_EXTENSIONS = YES;
				CLANG_ANALYZER_NONNULL = YES;
				CLANG_ANALYZER_NUMBER_OBJECT_CONVERSION = YES_AGGRESSIVE;
				CLANG_CXX_LANGUAGE_STANDARD = "gnu++20";
				CLANG_ENABLE_MODULES = YES;
				CLANG_ENABLE_OBJC_ARC = YES;
				CLANG_ENABLE_OBJC_WEAK = YES;
				CLANG_WARN_BLOCK_CAPTURE_AUTORELEASING = YES;
				CLANG_WARN_BOOL_CONVERSION = YES;
				CLANG_WARN_COMMA = YES;
				CLANG_WARN_CONSTANT_CONVERSION = YES;
				CLANG_WARN_DEPRECATED_OBJC_IMPLEMENTATIONS = YES;
				CLANG_WARN_DIRECT_OBJC_ISA_USAGE = YES_ERROR;
				CLANG_WARN_DOCUMENTATION_COMMENTS = YES;
				CLANG_WARN_EMPTY_BODY = YES;
				CLANG_WARN_ENUM_CONVERSION = YES;
				CLANG_WARN_INFINITE_RECURSION = YES;
				CLANG_WARN_INT_CONVERSION = YES;
				CLANG_WARN_NON_LITERAL_NULL_CONVERSION = YES;
				CLANG_WARN_OBJC_IMPLICIT_RETAIN_SELF = YES;
				CLANG_WARN_OBJC_LITERAL_CONVERSION = YES;
				CLANG_WARN_OBJC_ROOT_CLASS = YES_ERROR;
				CLANG_WARN_QUOTED_INCLUDE_IN_FRAMEWORK_HEADER = YES;
				CLANG_WARN_RANGE_LOOP_ANALYSIS = YES;
				CLANG_WARN_STRICT_PROTOTYPES = YES;
				CLANG_WARN_SUSPICIOUS_MOVE = YES;
				CLANG_WARN_UNGUARDED_AVAILABILITY = YES_AGGRESSIVE;
				CLANG_WARN_UNREACHABLE_CODE = YES;
				CLANG_WARN__DUPLICATE_METHOD_MATCH = YES;
				COPY_PHASE_STRIP = NO;
				DEBUG_INFORMATION_FORMAT = dwarf;
				ENABLE_STRICT_OBJC_MSGSEND = YES;
				ENABLE_TESTABILITY = YES;
				ENABLE_USER_SCRIPT_SANDBOXING = YES;
				GCC_C_LANGUAGE_STANDARD = gnu17;
				GCC_DYNAMIC_NO_PIC = NO;
				GCC_NO_COMMON_BLOCKS = YES;
				GCC_OPTIMIZATION_LEVEL = 0;
				GCC_PREPROCESSOR_DEFINITIONS = (
					"DEBUG=1",
					"$(inherited)",
				);
				GCC_WARN_64_TO_32_BIT_CONVERSION = YES;
				GCC_WARN_ABOUT_RETURN_TYPE = YES_ERROR;
				GCC_WARN_UNDECLARED_SELECTOR = YES;
				GCC_WARN_UNINITIALIZED_AUTOS = YES_AGGRESSIVE;
				GCC_WARN_UNUSED_FUNCTION = YES;
				GCC_WARN_UNUSED_VARIABLE = YES;
				IPHONEOS_DEPLOYMENT_TARGET = 18.0;
				LOCALIZATION_PREFERS_STRING_CATALOGS = YES;
				MTL_ENABLE_DEBUG_INFO = INCLUDE_SOURCE;
				MTL_FAST_MATH = YES;
				ONLY_ACTIVE_ARCH = YES;
				SDKROOT = iphoneos;
				SWIFT_ACTIVE_COMPILATION_CONDITIONS = "DEBUG $(inherited)";
				SWIFT_OPTIMIZATION_LEVEL = "-Onone";
			};
			name = Debug;
		};
		CA8FF0D12CB4C48500B96F99 /* Release */ = {
			isa = XCBuildConfiguration;
			buildSettings = {
				ALWAYS_SEARCH_USER_PATHS = NO;
				ASSETCATALOG_COMPILER_GENERATE_SWIFT_ASSET_SYMBOL_EXTENSIONS = YES;
				CLANG_ANALYZER_NONNULL = YES;
				CLANG_ANALYZER_NUMBER_OBJECT_CONVERSION = YES_AGGRESSIVE;
				CLANG_CXX_LANGUAGE_STANDARD = "gnu++20";
				CLANG_ENABLE_MODULES = YES;
				CLANG_ENABLE_OBJC_ARC = YES;
				CLANG_ENABLE_OBJC_WEAK = YES;
				CLANG_WARN_BLOCK_CAPTURE_AUTORELEASING = YES;
				CLANG_WARN_BOOL_CONVERSION = YES;
				CLANG_WARN_COMMA = YES;
				CLANG_WARN_CONSTANT_CONVERSION = YES;
				CLANG_WARN_DEPRECATED_OBJC_IMPLEMENTATIONS = YES;
				CLANG_WARN_DIRECT_OBJC_ISA_USAGE = YES_ERROR;
				CLANG_WARN_DOCUMENTATION_COMMENTS = YES;
				CLANG_WARN_EMPTY_BODY = YES;
				CLANG_WARN_ENUM_CONVERSION = YES;
				CLANG_WARN_INFINITE_RECURSION = YES;
				CLANG_WARN_INT_CONVERSION = YES;
				CLANG_WARN_NON_LITERAL_NULL_CONVERSION = YES;
				CLANG_WARN_OBJC_IMPLICIT_RETAIN_SELF = YES;
				CLANG_WARN_OBJC_LITERAL_CONVERSION = YES;
				CLANG_WARN_OBJC_ROOT_CLASS = YES_ERROR;
				CLANG_WARN_QUOTED_INCLUDE_IN_FRAMEWORK_HEADER = YES;
				CLANG_WARN_RANGE_LOOP_ANALYSIS = YES;
				CLANG_WARN_STRICT_PROTOTYPES = YES;
				CLANG_WARN_SUSPICIOUS_MOVE = YES;
				CLANG_WARN_UNGUARDED_AVAILABILITY = YES_AGGRESSIVE;
				CLANG_WARN_UNREACHABLE_CODE = YES;
				CLANG_WARN__DUPLICATE_METHOD_MATCH = YES;
				COPY_PHASE_STRIP = NO;
				DEBUG_INFORMATION_FORMAT = "dwarf-with-dsym";
				ENABLE_NS_ASSERTIONS = NO;
				ENABLE_STRICT_OBJC_MSGSEND = YES;
				ENABLE_USER_SCRIPT_SANDBOXING = YES;
				GCC_C_LANGUAGE_STANDARD = gnu17;
				GCC_NO_COMMON_BLOCKS = YES;
				GCC_WARN_64_TO_32_BIT_CONVERSION = YES;
				GCC_WARN_ABOUT_RETURN_TYPE = YES_ERROR;
				GCC_WARN_UNDECLARED_SELECTOR = YES;
				GCC_WARN_UNINITIALIZED_AUTOS = YES_AGGRESSIVE;
				GCC_WARN_UNUSED_FUNCTION = YES;
				GCC_WARN_UNUSED_VARIABLE = YES;
				IPHONEOS_DEPLOYMENT_TARGET = 18.0;
				LOCALIZATION_PREFERS_STRING_CATALOGS = YES;
				MTL_ENABLE_DEBUG_INFO = NO;
				MTL_FAST_MATH = YES;
				SDKROOT = iphoneos;
				SWIFT_COMPILATION_MODE = wholemodule;
				VALIDATE_PRODUCT = YES;
			};
			name = Release;
		};
		CA8FF0D32CB4C48500B96F99 /* Debug */ = {
			isa = XCBuildConfiguration;
			buildSettings = {
				ASSETCATALOG_COMPILER_APPICON_NAME = AppIcon;
				ASSETCATALOG_COMPILER_GLOBAL_ACCENT_COLOR_NAME = AccentColor;
				CODE_SIGN_STYLE = Automatic;
				CURRENT_PROJECT_VERSION = 1;
				DEVELOPMENT_ASSET_PATHS = "\"Memorize/Preview Content\"";
				DEVELOPMENT_TEAM = P95CHYKWVN;
				ENABLE_PREVIEWS = YES;
				GENERATE_INFOPLIST_FILE = YES;
				INFOPLIST_KEY_UIApplicationSceneManifest_Generation = YES;
				INFOPLIST_KEY_UIApplicationSupportsIndirectInputEvents = YES;
				INFOPLIST_KEY_UILaunchScreen_Generation = YES;
				INFOPLIST_KEY_UISupportedInterfaceOrientations_iPad = "UIInterfaceOrientationPortrait UIInterfaceOrientationPortraitUpsideDown UIInterfaceOrientationLandscapeLeft UIInterfaceOrientationLandscapeRight";
				INFOPLIST_KEY_UISupportedInterfaceOrientations_iPhone = "UIInterfaceOrientationPortrait UIInterfaceOrientationLandscapeLeft UIInterfaceOrientationLandscapeRight";
				IPHONEOS_DEPLOYMENT_TARGET = 18.0;
				LD_RUNPATH_SEARCH_PATHS = (
					"$(inherited)",
					"@executable_path/Frameworks",
				);
				MARKETING_VERSION = 1.0;
				PRODUCT_BUNDLE_IDENTIFIER = com.bluecode.Memorize;
				PRODUCT_NAME = "$(TARGET_NAME)";
				SWIFT_EMIT_LOC_STRINGS = YES;
				SWIFT_VERSION = 5.0;
				TARGETED_DEVICE_FAMILY = "1,2";
			};
			name = Debug;
		};
		CA8FF0D42CB4C48500B96F99 /* Release */ = {
			isa = XCBuildConfiguration;
			buildSettings = {
				ASSETCATALOG_COMPILER_APPICON_NAME = AppIcon;
				ASSETCATALOG_COMPILER_GLOBAL_ACCENT_COLOR_NAME = AccentColor;
				CODE_SIGN_STYLE = Automatic;
				CURRENT_PROJECT_VERSION = 1;
				DEVELOPMENT_ASSET_PATHS = "\"Memorize/Preview Content\"";
				DEVELOPMENT_TEAM = P95CHYKWVN;
				ENABLE_PREVIEWS = YES;
				GENERATE_INFOPLIST_FILE = YES;
				INFOPLIST_KEY_UIApplicationSceneManifest_Generation = YES;
				INFOPLIST_KEY_UIApplicationSupportsIndirectInputEvents = YES;
				INFOPLIST_KEY_UILaunchScreen_Generation = YES;
				INFOPLIST_KEY_UISupportedInterfaceOrientations_iPad = "UIInterfaceOrientationPortrait UIInterfaceOrientationPortraitUpsideDown UIInterfaceOrientationLandscapeLeft UIInterfaceOrientationLandscapeRight";
				INFOPLIST_KEY_UISupportedInterfaceOrientations_iPhone = "UIInterfaceOrientationPortrait UIInterfaceOrientationLandscapeLeft UIInterfaceOrientationLandscapeRight";
				IPHONEOS_DEPLOYMENT_TARGET = 18.0;
				LD_RUNPATH_SEARCH_PATHS = (
					"$(inherited)",
					"@executable_path/Frameworks",
				);
				MARKETING_VERSION = 1.0;
				PRODUCT_BUNDLE_IDENTIFIER = com.bluecode.Memorize;
				PRODUCT_NAME = "$(TARGET_NAME)";
				SWIFT_EMIT_LOC_STRINGS = YES;
				SWIFT_VERSION = 5.0;
				TARGETED_DEVICE_FAMILY = "1,2";
			};
			name = Release;
		};
/* End XCBuildConfiguration section */

/* Begin XCConfigurationList section */
		CA8FF0BF2CB4C48200B96F99 /* Build configuration list for PBXProject "Memorize" */ = {
			isa = XCConfigurationList;
			buildConfigurations = (
				CA8FF0D02CB4C48500B96F99 /* Debug */,
				CA8FF0D12CB4C48500B96F99 /* Release */,
			);
			defaultConfigurationIsVisible = 0;
			defaultConfigurationName = Release;
		};
		CA8FF0D22CB4C48500B96F99 /* Build configuration list for PBXNativeTarget "Memorize" */ = {
			isa = XCConfigurationList;
			buildConfigurations = (
				CA8FF0D32CB4C48500B96F99 /* Debug */,
				CA8FF0D42CB4C48500B96F99 /* Release */,
			);
			defaultConfigurationIsVisible = 0;
			defaultConfigurationName = Release;
		};
/* End XCConfigurationList section */
	};
	rootObject = CA8FF0BC2CB4C48200B96F99 /* Project object */;
}
